
Microsoft Visual Studio Solution File, Format Version 12.00
# Visual Studio Version 16
VisualStudioVersion = 16.0.30011.22
MinimumVisualStudioVersion = 10.0.40219.1
Project("{FAE04EC0-301F-11D3-BF4B-00C04F79EFBC}") = "jwtTestApp", "jwtTestApp\jwtTestApp.csproj", "{30AEAD35-824C-45A7-B3BA-1FB2037BC708}"
EndProject
Global
	GlobalSection(SolutionConfigurationPlatforms) = preSolution
		Debug|Any CPU = Debug|Any CPU
		Release|Any CPU = Release|Any CPU
	EndGlobalSection
	GlobalSection(ProjectConfigurationPlatforms) = postSolution
		{30AEAD35-824C-45A7-B3BA-1FB2037BC708}.Debug|Any CPU.ActiveCfg = Debug|Any CPU
		{30AEAD35-824C-45A7-B3BA-1FB2037BC708}.Debug|Any CPU.Build.0 = Debug|Any CPU
		{30AEAD35-824C-45A7-B3BA-1FB2037BC708}.Release|Any CPU.ActiveCfg = Release|Any CPU
		{30AEAD35-824C-45A7-B3BA-1FB2037BC708}.Release|Any CPU.Build.0 = Release|Any CPU
	EndGlobalSection
	GlobalSection(SolutionProperties) = preSolution
		HideSolutionNode = FALSE
	EndGlobalSection
	GlobalSection(ExtensibilityGlobals) = postSolution
		SolutionGuid = {3F357C35-B5CA-454B-B9FE-12FC9EE74284}
	EndGlobalSection
EndGlobal
